
Microsoft Visual Studio Solution File, Format Version 12.00
Project("{FAE04EC0-301F-11D3-BF4B-00C04F79EFBC}") = "NinjaManager", "NinjaManager.csproj", "{9DBEE1CE-B973-4806-8A1D-2355DA38E777}"
EndProject
Project("{FAE04EC0-301F-11D3-BF4B-00C04F79EFBC}") = "NinjaManager.Data", "NinjaManager.Data\NinjaManager.Data.csproj", "{730CE803-20A3-4486-9BCD-9A68A7FEA08A}"
EndProject
Global
	GlobalSection(SolutionConfigurationPlatforms) = preSolution
		Debug|Any CPU = Debug|Any CPU
		Release|Any CPU = Release|Any CPU
	EndGlobalSection
	GlobalSection(ProjectConfigurationPlatforms) = postSolution
		{9DBEE1CE-B973-4806-8A1D-2355DA38E777}.Debug|Any CPU.ActiveCfg = Debug|Any CPU
		{9DBEE1CE-B973-4806-8A1D-2355DA38E777}.Debug|Any CPU.Build.0 = Debug|Any CPU
		{9DBEE1CE-B973-4806-8A1D-2355DA38E777}.Release|Any CPU.ActiveCfg = Release|Any CPU
		{9DBEE1CE-B973-4806-8A1D-2355DA38E777}.Release|Any CPU.Build.0 = Release|Any CPU
		{730CE803-20A3-4486-9BCD-9A68A7FEA08A}.Debug|Any CPU.ActiveCfg = Debug|Any CPU
		{730CE803-20A3-4486-9BCD-9A68A7FEA08A}.Debug|Any CPU.Build.0 = Debug|Any CPU
		{730CE803-20A3-4486-9BCD-9A68A7FEA08A}.Release|Any CPU.ActiveCfg = Release|Any CPU
		{730CE803-20A3-4486-9BCD-9A68A7FEA08A}.Release|Any CPU.Build.0 = Release|Any CPU
	EndGlobalSection
EndGlobal
